
Microsoft Visual Studio Solution File, Format Version 12.00
# Visual Studio 14
VisualStudioVersion = 14.0.25420.1
MinimumVisualStudioVersion = 10.0.40219.1
Project("{2150E333-8FDC-42A3-9474-1A3956D46DE8}") = "src", "src", "{DC84C98B-A96B-4FC2-8A39-96854BD88657}"
EndProject
Project("{2150E333-8FDC-42A3-9474-1A3956D46DE8}") = "Solution Items", "Solution Items", "{5CB9CB10-42F5-4F74-A790-B35C6EB0570D}"
	ProjectSection(SolutionItems) = preProject
		global.json = global.json
	EndProjectSection
EndProject
Project("{8BB2217D-0F2D-49D1-97BC-3654ED321F3B}") = "HttpListenerOnCore", "src\HttpListenerOnCore\HttpListenerOnCore.xproj", "{239AF8E6-4C1A-4806-A4D6-8C93B6866F52}"
EndProject
Global
	GlobalSection(SolutionConfigurationPlatforms) = preSolution
		Debug|Any CPU = Debug|Any CPU
		Release|Any CPU = Release|Any CPU
	EndGlobalSection
	GlobalSection(ProjectConfigurationPlatforms) = postSolution
		{239AF8E6-4C1A-4806-A4D6-8C93B6866F52}.Debug|Any CPU.ActiveCfg = Debug|Any CPU
		{239AF8E6-4C1A-4806-A4D6-8C93B6866F52}.Debug|Any CPU.Build.0 = Debug|Any CPU
		{239AF8E6-4C1A-4806-A4D6-8C93B6866F52}.Release|Any CPU.ActiveCfg = Release|Any CPU
		{239AF8E6-4C1A-4806-A4D6-8C93B6866F52}.Release|Any CPU.Build.0 = Release|Any CPU
	EndGlobalSection
	GlobalSection(SolutionProperties) = preSolution
		HideSolutionNode = FALSE
	EndGlobalSection
	GlobalSection(NestedProjects) = preSolution
		{239AF8E6-4C1A-4806-A4D6-8C93B6866F52} = {DC84C98B-A96B-4FC2-8A39-96854BD88657}
	EndGlobalSection
EndGlobal
